{
    "hash": "8f14f7980b647aa9ccc535be26cd72dc",
    "packages": [
        {
            "name": "kdyby/bootstrap-form-renderer",
            "version": "dev-master",
            "source": {
                "type": "git",
                "url": "https://github.com/Kdyby/BootstrapFormRenderer.git",
                "reference": "27f221f8775921c7dedd611b80a0df744a3199b4"
            },
            "dist": {
                "type": "zip",
                "url": "https://api.github.com/repos/Kdyby/BootstrapFormRenderer/zipball/27f221f8775921c7dedd611b80a0df744a3199b4",
                "reference": "27f221f8775921c7dedd611b80a0df744a3199b4",
                "shasum": ""
            },
            "require": {
                "nette/nette": "@dev"
            },
            "require-dev": {
                "nette/tester": "@dev"
            },
            "type": "library",
            "autoload": {
                "psr-0": {
                    "Kdyby\\BootstrapFormRenderer\\": "src/"
                }
            },
            "notification-url": "https://packagist.org/downloads/",
            "license": [
                "BSD-3-Clause",
                "GPL-2.0",
                "GPL-3.0"
            ],
            "authors": [
                {
                    "name": "Filip Procházka",
                    "homepage": "http://filip-prochazka.com"
                }
            ],
            "description": "Nette forms renderer with bootstrap",
            "homepage": "http://kdyby.org",
            "keywords": [
                "Forms",
                "bootstrap",
                "kdyby",
                "nette"
            ],
            "time": "2013-01-24 16:57:33"
        },
        {
            "name": "nette/nette",
            "version": "dev-master",
            "source": {
                "type": "git",
                "url": "https://github.com/nette/nette.git",
                "reference": "0622617df91e648e7a0d948b21b33afb7ae08793"
            },
            "dist": {
                "type": "zip",
                "url": "https://api.github.com/repos/nette/nette/zipball/0622617df91e648e7a0d948b21b33afb7ae08793",
                "reference": "0622617df91e648e7a0d948b21b33afb7ae08793",
                "shasum": ""
            },
            "require": {
                "ext-iconv": "*",
                "ext-tokenizer": "*",
                "php": ">=5.3.0"
            },
            "require-dev": {
                "nette/tester": "@dev"
            },
            "suggest": {
                "ext-fileinfo": "*",
                "ext-gd": "*",
                "ext-mbstring": "*",
                "ext-memcache": "*",
                "ext-pdo": "*"
            },
            "type": "library",
            "extra": {
                "branch-alias": {
                    "dev-master": "2.1-dev"
                }
            },
            "autoload": {
                "files": [
                    "Nette/loader.php"
                ]
            },
            "notification-url": "https://packagist.org/downloads/",
            "license": [
                "BSD-3-Clause",
                "GPL-2.0",
                "GPL-3.0"
            ],
            "authors": [
                {
                    "name": "David Grudl",
                    "homepage": "http://davidgrudl.com"
                },
                {
                    "name": "Nette Community",
                    "homepage": "http://nette.org/contributors"
                }
            ],
            "description": "Nette Framework - innovative framework for fast and easy development of secured web applications in PHP. Write less, have cleaner code and your work will bring you joy.",
            "homepage": "http://nette.org",
            "keywords": [
                "Forms",
                "database",
                "dbal",
                "debugging",
                "framework",
                "images",
                "latte",
                "mailing",
                "micro",
                "mvc",
                "neon",
                "templating"
            ],
            "time": "2013-02-19 19:28:21"
        },
        {
            "name": "ruflin/Elastica",
            "version": "dev-master",
            "source": {
                "type": "git",
                "url": "https://github.com/ruflin/Elastica.git",
                "reference": "11c7dc6f45cd68ec97b30eaf3f886dab8d1a874e"
            },
            "dist": {
                "type": "zip",
                "url": "https://api.github.com/repos/ruflin/Elastica/zipball/11c7dc6f45cd68ec97b30eaf3f886dab8d1a874e",
                "reference": "11c7dc6f45cd68ec97b30eaf3f886dab8d1a874e",
                "shasum": ""
            },
            "require": {
                "php": ">=5.3.0"
            },
            "require-dev": {
                "munkie/elasticsearch-thrift-php": "1.4.*",
                "phpunit/phpunit": "3.7.*"
            },
            "suggest": {
                "munkie/elasticsearch-thrift-php": "Allow using thrift transport"
            },
            "type": "library",
            "autoload": {
                "psr-0": {
                    "Elastica": "lib/",
                    "Elastica\\Test": "test/lib/"
                }
            },
            "notification-url": "https://packagist.org/downloads/",
            "license": [
                "Apache 2.0"
            ],
            "authors": [
                {
                    "name": "Nicolas Ruflin",
                    "homepage": "http://ruflin.com/"
                }
            ],
            "description": "Elasticsearch Client",
            "homepage": "http://ruflin.github.com/Elastica/",
            "keywords": [
                "client",
                "search"
            ],
            "time": "2013-02-21 08:59:19"
        },
        {
            "name": "symfony/console",
            "version": "dev-master",
            "target-dir": "Symfony/Component/Console",
            "source": {
                "type": "git",
                "url": "https://github.com/symfony/Console.git",
                "reference": "f65e34d058f0990a724f78e8d091dc0a20e439ac"
            },
            "dist": {
                "type": "zip",
                "url": "https://api.github.com/repos/symfony/Console/zipball/f65e34d058f0990a724f78e8d091dc0a20e439ac",
                "reference": "f65e34d058f0990a724f78e8d091dc0a20e439ac",
                "shasum": ""
            },
            "require": {
                "php": ">=5.3.3"
            },
            "type": "library",
            "extra": {
                "branch-alias": {
                    "dev-master": "2.3-dev"
                }
            },
            "autoload": {
                "psr-0": {
                    "Symfony\\Component\\Console\\": ""
                }
            },
            "notification-url": "https://packagist.org/downloads/",
            "license": [
                "MIT"
            ],
            "authors": [
                {
                    "name": "Fabien Potencier",
                    "email": "fabien@symfony.com"
                },
                {
                    "name": "Symfony Community",
                    "homepage": "http://symfony.com/contributors"
                }
            ],
            "description": "Symfony Console Component",
            "homepage": "http://symfony.com",
            "time": "2013-01-31 21:39:01"
        }
    ],
    "packages-dev": null,
    "aliases": [

    ],
    "minimum-stability": "stable",
    "stability-flags": {
        "nette/nette": 20,
        "ruflin/elastica": 20,
        "kdyby/bootstrap-form-renderer": 20,
        "symfony/console": 20
    }
}
