{
    "hash": "cea58a1d1554b0bdcc30557423e2ce0e",
    "packages": [
        {
            "name": "guzzle/guzzle",
            "version": "dev-master",
            "source": {
                "type": "git",
                "url": "https://github.com/guzzle/guzzle.git",
                "reference": "bc2a86d1b1b984ac0e1859307dfd18c78841167a"
            },
            "dist": {
                "type": "zip",
                "url": "https://api.github.com/repos/guzzle/guzzle/zipball/bc2a86d1b1b984ac0e1859307dfd18c78841167a",
                "reference": "bc2a86d1b1b984ac0e1859307dfd18c78841167a",
                "shasum": ""
            },
            "require": {
                "ext-curl": "*",
                "php": ">=5.3.2",
                "symfony/event-dispatcher": ">=2.1"
            },
            "replace": {
                "guzzle/batch": "self.version",
                "guzzle/cache": "self.version",
                "guzzle/common": "self.version",
                "guzzle/http": "self.version",
                "guzzle/inflection": "self.version",
                "guzzle/iterator": "self.version",
                "guzzle/log": "self.version",
                "guzzle/parser": "self.version",
                "guzzle/plugin": "self.version",
                "guzzle/plugin-async": "self.version",
                "guzzle/plugin-backoff": "self.version",
                "guzzle/plugin-cache": "self.version",
                "guzzle/plugin-cookie": "self.version",
                "guzzle/plugin-curlauth": "self.version",
                "guzzle/plugin-history": "self.version",
                "guzzle/plugin-log": "self.version",
                "guzzle/plugin-md5": "self.version",
                "guzzle/plugin-mock": "self.version",
                "guzzle/plugin-oauth": "self.version",
                "guzzle/service": "self.version",
                "guzzle/stream": "self.version"
            },
            "require-dev": {
                "doctrine/cache": "*",
                "monolog/monolog": "1.*",
                "phpunit/phpunit": "3.7.*",
                "symfony/class-loader": "*",
                "zend/zend-cache1": "1.12",
                "zend/zend-log1": "1.12",
                "zendframework/zend-cache": "2.0.*",
                "zendframework/zend-log": "2.0.*"
            },
            "type": "library",
            "extra": {
                "branch-alias": {
                    "dev-master": "3.2-dev"
                }
            },
            "autoload": {
                "psr-0": {
                    "Guzzle\\Tests": "tests/",
                    "Guzzle": "src/"
                }
            },
            "notification-url": "https://packagist.org/downloads/",
            "license": [
                "MIT"
            ],
            "authors": [
                {
                    "name": "Michael Dowling",
                    "email": "mtdowling@gmail.com",
                    "homepage": "https://github.com/mtdowling"
                },
                {
                    "name": "Guzzle Community",
                    "homepage": "https://github.com/guzzle/guzzle/contributors"
                }
            ],
            "description": "Guzzle is a PHP HTTP client library and framework for building RESTful web service clients",
            "homepage": "http://guzzlephp.org/",
            "keywords": [
                "client",
                "curl",
                "framework",
                "http",
                "http client",
                "rest",
                "web service"
            ],
            "time": "2013-02-25 03:38:40"
        },
        {
            "name": "kdyby/bootstrap-form-renderer",
            "version": "dev-master",
            "source": {
                "type": "git",
                "url": "https://github.com/Kdyby/BootstrapFormRenderer.git",
                "reference": "27f221f8775921c7dedd611b80a0df744a3199b4"
            },
            "dist": {
                "type": "zip",
                "url": "https://api.github.com/repos/Kdyby/BootstrapFormRenderer/zipball/27f221f8775921c7dedd611b80a0df744a3199b4",
                "reference": "27f221f8775921c7dedd611b80a0df744a3199b4",
                "shasum": ""
            },
            "require": {
                "nette/nette": "@dev"
            },
            "require-dev": {
                "nette/tester": "@dev"
            },
            "type": "library",
            "autoload": {
                "psr-0": {
                    "Kdyby\\BootstrapFormRenderer\\": "src/"
                }
            },
            "notification-url": "https://packagist.org/downloads/",
            "license": [
                "BSD-3-Clause",
                "GPL-2.0",
                "GPL-3.0"
            ],
            "authors": [
                {
                    "name": "Filip Procházka",
                    "homepage": "http://filip-prochazka.com"
                }
            ],
            "description": "Nette forms renderer with bootstrap",
            "homepage": "http://kdyby.org",
            "keywords": [
                "Forms",
                "bootstrap",
                "kdyby",
                "nette"
            ],
            "time": "2013-01-24 16:57:33"
        },
        {
            "name": "nette/nette",
            "version": "dev-master",
            "source": {
                "type": "git",
                "url": "https://github.com/nette/nette.git",
                "reference": "0622617df91e648e7a0d948b21b33afb7ae08793"
            },
            "dist": {
                "type": "zip",
                "url": "https://api.github.com/repos/nette/nette/zipball/0622617df91e648e7a0d948b21b33afb7ae08793",
                "reference": "0622617df91e648e7a0d948b21b33afb7ae08793",
                "shasum": ""
            },
            "require": {
                "ext-iconv": "*",
                "ext-tokenizer": "*",
                "php": ">=5.3.0"
            },
            "require-dev": {
                "nette/tester": "@dev"
            },
            "suggest": {
                "ext-fileinfo": "*",
                "ext-gd": "*",
                "ext-mbstring": "*",
                "ext-memcache": "*",
                "ext-pdo": "*"
            },
            "type": "library",
            "extra": {
                "branch-alias": {
                    "dev-master": "2.1-dev"
                }
            },
            "autoload": {
                "files": [
                    "Nette/loader.php"
                ]
            },
            "notification-url": "https://packagist.org/downloads/",
            "license": [
                "BSD-3-Clause",
                "GPL-2.0",
                "GPL-3.0"
            ],
            "authors": [
                {
                    "name": "David Grudl",
                    "homepage": "http://davidgrudl.com"
                },
                {
                    "name": "Nette Community",
                    "homepage": "http://nette.org/contributors"
                }
            ],
            "description": "Nette Framework - innovative framework for fast and easy development of secured web applications in PHP. Write less, have cleaner code and your work will bring you joy.",
            "homepage": "http://nette.org",
            "keywords": [
                "Forms",
                "database",
                "dbal",
                "debugging",
                "framework",
                "images",
                "latte",
                "mailing",
                "micro",
                "mvc",
                "neon",
                "templating"
            ],
            "time": "2013-02-19 19:28:21"
        },
        {
            "name": "ruflin/Elastica",
            "version": "dev-master",
            "source": {
                "type": "git",
                "url": "https://github.com/ruflin/Elastica.git",
                "reference": "3d4ae6c40e05310259962049cb735effa3fe6a98"
            },
            "dist": {
                "type": "zip",
                "url": "https://api.github.com/repos/ruflin/Elastica/zipball/3d4ae6c40e05310259962049cb735effa3fe6a98",
                "reference": "3d4ae6c40e05310259962049cb735effa3fe6a98",
                "shasum": ""
            },
            "require": {
                "php": ">=5.3.3"
            },
            "require-dev": {
                "munkie/elasticsearch-thrift-php": "1.4.*",
                "phpunit/phpunit": "3.7.*"
            },
            "suggest": {
                "munkie/elasticsearch-thrift-php": "Allow using thrift transport"
            },
            "type": "library",
            "autoload": {
                "psr-0": {
                    "Elastica": "lib/",
                    "Elastica\\Test": "test/lib/"
                }
            },
            "notification-url": "https://packagist.org/downloads/",
            "license": [
                "Apache 2.0"
            ],
            "authors": [
                {
                    "name": "Nicolas Ruflin",
                    "homepage": "http://ruflin.com/"
                }
            ],
            "description": "Elasticsearch Client",
            "homepage": "http://ruflin.github.com/Elastica/",
            "keywords": [
                "client",
                "search"
            ],
            "time": "2013-02-21 17:40:14"
        },
        {
            "name": "rych/phpass",
            "version": "dev-master",
            "source": {
                "type": "git",
                "url": "https://github.com/rchouinard/phpass.git",
                "reference": "565df4bb93fe8926ae976ce975bfc89d782d0bf7"
            },
            "dist": {
                "type": "zip",
                "url": "https://api.github.com/repos/rchouinard/phpass/zipball/565df4bb93fe8926ae976ce975bfc89d782d0bf7",
                "reference": "565df4bb93fe8926ae976ce975bfc89d782d0bf7",
                "shasum": ""
            },
            "require": {
                "php": ">=5.3.7"
            },
            "suggest": {
                "ext-hash": "Some modules and features may require the HASH Message Digest Framework extension in order to work.",
                "ext-openssl": "The OpenSSL extension is used as a secure source of random data."
            },
            "type": "library",
            "extra": {
                "branch-alias": {
                    "dev-master": "2.1-dev"
                }
            },
            "autoload": {
                "psr-0": {
                    "Phpass": "src/"
                }
            },
            "notification-url": "https://packagist.org/downloads/",
            "license": [
                "MIT"
            ],
            "authors": [
                {
                    "name": "Ryan Chouinard",
                    "email": "rchouinard@gmail.com",
                    "homepage": "http://ryanchouinard.com"
                }
            ],
            "description": "PHP Password Library: Easy, secure password management for PHP",
            "homepage": "https://github.com/rchouinard/phpass",
            "keywords": [
                "cryptography",
                "password"
            ],
            "time": "2012-10-12 01:17:51"
        },
        {
            "name": "symfony/console",
            "version": "dev-master",
            "target-dir": "Symfony/Component/Console",
            "source": {
                "type": "git",
                "url": "https://github.com/symfony/Console.git",
                "reference": "f65e34d058f0990a724f78e8d091dc0a20e439ac"
            },
            "dist": {
                "type": "zip",
                "url": "https://api.github.com/repos/symfony/Console/zipball/f65e34d058f0990a724f78e8d091dc0a20e439ac",
                "reference": "f65e34d058f0990a724f78e8d091dc0a20e439ac",
                "shasum": ""
            },
            "require": {
                "php": ">=5.3.3"
            },
            "type": "library",
            "extra": {
                "branch-alias": {
                    "dev-master": "2.3-dev"
                }
            },
            "autoload": {
                "psr-0": {
                    "Symfony\\Component\\Console\\": ""
                }
            },
            "notification-url": "https://packagist.org/downloads/",
            "license": [
                "MIT"
            ],
            "authors": [
                {
                    "name": "Fabien Potencier",
                    "email": "fabien@symfony.com"
                },
                {
                    "name": "Symfony Community",
                    "homepage": "http://symfony.com/contributors"
                }
            ],
            "description": "Symfony Console Component",
            "homepage": "http://symfony.com",
            "time": "2013-01-31 21:39:01"
        },
        {
            "name": "symfony/event-dispatcher",
            "version": "dev-master",
            "target-dir": "Symfony/Component/EventDispatcher",
            "source": {
                "type": "git",
                "url": "https://github.com/symfony/EventDispatcher.git",
                "reference": "2e1fce7bb3ea06d9e42756f1dd3edf966420c755"
            },
            "dist": {
                "type": "zip",
                "url": "https://api.github.com/repos/symfony/EventDispatcher/zipball/2e1fce7bb3ea06d9e42756f1dd3edf966420c755",
                "reference": "2e1fce7bb3ea06d9e42756f1dd3edf966420c755",
                "shasum": ""
            },
            "require": {
                "php": ">=5.3.3"
            },
            "require-dev": {
                "symfony/dependency-injection": ">=2.0,<3.0"
            },
            "suggest": {
                "symfony/dependency-injection": "2.2.*",
                "symfony/http-kernel": "2.2.*"
            },
            "type": "library",
            "extra": {
                "branch-alias": {
                    "dev-master": "2.3-dev"
                }
            },
            "autoload": {
                "psr-0": {
                    "Symfony\\Component\\EventDispatcher\\": ""
                }
            },
            "notification-url": "https://packagist.org/downloads/",
            "license": [
                "MIT"
            ],
            "authors": [
                {
                    "name": "Fabien Potencier",
                    "email": "fabien@symfony.com"
                },
                {
                    "name": "Symfony Community",
                    "homepage": "http://symfony.com/contributors"
                }
            ],
            "description": "Symfony EventDispatcher Component",
            "homepage": "http://symfony.com",
            "time": "2013-02-11 11:27:01"
        }
    ],
    "packages-dev": null,
    "aliases": [

    ],
    "minimum-stability": "stable",
    "stability-flags": {
        "nette/nette": 20,
        "ruflin/elastica": 20,
        "kdyby/bootstrap-form-renderer": 20,
        "symfony/console": 20,
        "rych/phpass": 20,
        "symfony/event-dispatcher": 20,
        "guzzle/guzzle": 20
    }
}
